
Microsoft Visual Studio Solution File, Format Version 12.00
# Visual Studio Version 16
VisualStudioVersion = 16.0.30717.126
MinimumVisualStudioVersion = 10.0.40219.1
Project("{8BC9CEB8-8B4A-11D0-8D11-00A0C91BC942}") = "3DConverter", "3DConverter\3DConverter.vcxproj", "{E542E6D1-F6F8-4620-BF16-1E76EB44FEFE}"
EndProject
Global
	GlobalSection(SolutionConfigurationPlatforms) = preSolution
		Clang(debug)|x64 = Clang(debug)|x64
		Clang(debug)|x86 = Clang(debug)|x86
		Debug|x64 = Debug|x64
		Debug|x86 = Debug|x86
		Release|x64 = Release|x64
		Release|x86 = Release|x86
	EndGlobalSection
	GlobalSection(ProjectConfigurationPlatforms) = postSolution
		{E542E6D1-F6F8-4620-BF16-1E76EB44FEFE}.Clang(debug)|x64.ActiveCfg = Clang(debug)|x64
		{E542E6D1-F6F8-4620-BF16-1E76EB44FEFE}.Clang(debug)|x64.Build.0 = Clang(debug)|x64
		{E542E6D1-F6F8-4620-BF16-1E76EB44FEFE}.Clang(debug)|x86.ActiveCfg = Debug|Win32
		{E542E6D1-F6F8-4620-BF16-1E76EB44FEFE}.Clang(debug)|x86.Build.0 = Debug|Win32
		{E542E6D1-F6F8-4620-BF16-1E76EB44FEFE}.Debug|x64.ActiveCfg = Debug|x64
		{E542E6D1-F6F8-4620-BF16-1E76EB44FEFE}.Debug|x64.Build.0 = Debug|x64
		{E542E6D1-F6F8-4620-BF16-1E76EB44FEFE}.Debug|x86.ActiveCfg = Debug|Win32
		{E542E6D1-F6F8-4620-BF16-1E76EB44FEFE}.Debug|x86.Build.0 = Debug|Win32
		{E542E6D1-F6F8-4620-BF16-1E76EB44FEFE}.Release|x64.ActiveCfg = Release|x64
		{E542E6D1-F6F8-4620-BF16-1E76EB44FEFE}.Release|x64.Build.0 = Release|x64
		{E542E6D1-F6F8-4620-BF16-1E76EB44FEFE}.Release|x86.ActiveCfg = Release|Win32
		{E542E6D1-F6F8-4620-BF16-1E76EB44FEFE}.Release|x86.Build.0 = Release|Win32
	EndGlobalSection
	GlobalSection(SolutionProperties) = preSolution
		HideSolutionNode = FALSE
	EndGlobalSection
	GlobalSection(ExtensibilityGlobals) = postSolution
		SolutionGuid = {AE9D6F1A-F8AF-4DEB-97DF-5400C9B28341}
	EndGlobalSection
EndGlobal
